
Microsoft Visual Studio Solution File, Format Version 12.00
# Visual Studio Version 16
VisualStudioVersion = 16.0.31321.278
MinimumVisualStudioVersion = 10.0.40219.1
Project("{FAE04EC0-301F-11D3-BF4B-00C04F79EFBC}") = "Ejercicio5", "Ejercicio5\Ejercicio5.csproj", "{836B710A-D3EE-4D67-9F72-DFC0CAB00E9E}"
EndProject
Global
	GlobalSection(SolutionConfigurationPlatforms) = preSolution
		Debug|Any CPU = Debug|Any CPU
		Release|Any CPU = Release|Any CPU
	EndGlobalSection
	GlobalSection(ProjectConfigurationPlatforms) = postSolution
		{836B710A-D3EE-4D67-9F72-DFC0CAB00E9E}.Debug|Any CPU.ActiveCfg = Debug|Any CPU
		{836B710A-D3EE-4D67-9F72-DFC0CAB00E9E}.Debug|Any CPU.Build.0 = Debug|Any CPU
		{836B710A-D3EE-4D67-9F72-DFC0CAB00E9E}.Release|Any CPU.ActiveCfg = Release|Any CPU
		{836B710A-D3EE-4D67-9F72-DFC0CAB00E9E}.Release|Any CPU.Build.0 = Release|Any CPU
	EndGlobalSection
	GlobalSection(SolutionProperties) = preSolution
		HideSolutionNode = FALSE
	EndGlobalSection
	GlobalSection(ExtensibilityGlobals) = postSolution
		SolutionGuid = {AC37A196-EBB4-40E6-82C1-33C65C2B28BE}
	EndGlobalSection
EndGlobal
